{
  "name": "OpenDrop",
  "lockfileVersion": 3,
  "requires": true,
  "packages": {
    "": {
      "devDependencies": {
        "@types/dom-serial": "^1.0.6"
      }
    },
    "node_modules/@types/dom-serial": {
      "version": "1.0.6",
      "resolved": "https://registry.npmjs.org/@types/dom-serial/-/dom-serial-1.0.6.tgz",
      "integrity": "sha512-eUHKbc6mdMgMm75/oBLocs3wkOQkPQ/oNCT+b5OgUT6mLgIvDTp3wCCE9tYZNvDPPh6Cj9lVg2IguWfS/mDrrQ==",
      "dev": true,
      "license": "MIT"
    }
  }
}
